
Microsoft Visual Studio Solution File, Format Version 12.00
# Visual Studio 15
VisualStudioVersion = 15.0.27428.2043
MinimumVisualStudioVersion = 10.0.40219.1
Project("{FAE04EC0-301F-11D3-BF4B-00C04F79EFBC}") = "SolidPrinciples", "SolidPrinciples\SolidPrinciples.csproj", "{D679AA0B-ECEE-4C4E-B25A-E2F2125DC812}"
EndProject
Project("{FAE04EC0-301F-11D3-BF4B-00C04F79EFBC}") = "BuilderDesignPattern", "BuilderDesignPattern\BuilderDesignPattern.csproj", "{218F13C2-47DC-4BDC-8D02-0FCB1C6ED7CF}"
EndProject
Project("{FAE04EC0-301F-11D3-BF4B-00C04F79EFBC}") = "SingletonDesignPattern", "SingletonDesignPattern\SingletonDesignPattern.csproj", "{F2630146-E395-4090-AC99-5EA905C7B520}"
EndProject
Global
	GlobalSection(SolutionConfigurationPlatforms) = preSolution
		Debug|Any CPU = Debug|Any CPU
		Release|Any CPU = Release|Any CPU
	EndGlobalSection
	GlobalSection(ProjectConfigurationPlatforms) = postSolution
		{D679AA0B-ECEE-4C4E-B25A-E2F2125DC812}.Debug|Any CPU.ActiveCfg = Debug|Any CPU
		{D679AA0B-ECEE-4C4E-B25A-E2F2125DC812}.Debug|Any CPU.Build.0 = Debug|Any CPU
		{D679AA0B-ECEE-4C4E-B25A-E2F2125DC812}.Release|Any CPU.ActiveCfg = Release|Any CPU
		{D679AA0B-ECEE-4C4E-B25A-E2F2125DC812}.Release|Any CPU.Build.0 = Release|Any CPU
		{218F13C2-47DC-4BDC-8D02-0FCB1C6ED7CF}.Debug|Any CPU.ActiveCfg = Debug|Any CPU
		{218F13C2-47DC-4BDC-8D02-0FCB1C6ED7CF}.Debug|Any CPU.Build.0 = Debug|Any CPU
		{218F13C2-47DC-4BDC-8D02-0FCB1C6ED7CF}.Release|Any CPU.ActiveCfg = Release|Any CPU
		{218F13C2-47DC-4BDC-8D02-0FCB1C6ED7CF}.Release|Any CPU.Build.0 = Release|Any CPU
		{F2630146-E395-4090-AC99-5EA905C7B520}.Debug|Any CPU.ActiveCfg = Debug|Any CPU
		{F2630146-E395-4090-AC99-5EA905C7B520}.Debug|Any CPU.Build.0 = Debug|Any CPU
		{F2630146-E395-4090-AC99-5EA905C7B520}.Release|Any CPU.ActiveCfg = Release|Any CPU
		{F2630146-E395-4090-AC99-5EA905C7B520}.Release|Any CPU.Build.0 = Release|Any CPU
	EndGlobalSection
	GlobalSection(SolutionProperties) = preSolution
		HideSolutionNode = FALSE
	EndGlobalSection
	GlobalSection(ExtensibilityGlobals) = postSolution
		SolutionGuid = {61DAAE9F-332A-47DC-A9DE-5670871C910D}
	EndGlobalSection
EndGlobal
